Microsoft Visual Studio Solution File, Format Version 12.00
# Visual Studio Version 17
VisualStudioVersion = 17.5.2.0
MinimumVisualStudioVersion = 10.0.40219.1
Project("{FAE04EC0-301F-11D3-BF4B-00C04F79EFBC}") = "Smalledit", "Smalledit.csproj", "{540242B1-9903-4BC5-EE47-29A7958ED85A}"
EndProject
Global
	GlobalSection(SolutionConfigurationPlatforms) = preSolution
		Debug|Any CPU = Debug|Any CPU
		Release|Any CPU = Release|Any CPU
	EndGlobalSection
	GlobalSection(ProjectConfigurationPlatforms) = postSolution
		{540242B1-9903-4BC5-EE47-29A7958ED85A}.Debug|Any CPU.ActiveCfg = Debug|Any CPU
		{540242B1-9903-4BC5-EE47-29A7958ED85A}.Debug|Any CPU.Build.0 = Debug|Any CPU
		{540242B1-9903-4BC5-EE47-29A7958ED85A}.Release|Any CPU.ActiveCfg = Release|Any CPU
		{540242B1-9903-4BC5-EE47-29A7958ED85A}.Release|Any CPU.Build.0 = Release|Any CPU
	EndGlobalSection
	GlobalSection(SolutionProperties) = preSolution
		HideSolutionNode = FALSE
	EndGlobalSection
	GlobalSection(ExtensibilityGlobals) = postSolution
		SolutionGuid = {87121EEA-86DE-4D8B-BBCB-E2A5CB87E14B}
	EndGlobalSection
EndGlobal
